
Microsoft Visual Studio Solution File, Format Version 12.00
# Visual Studio Version 17
VisualStudioVersion = 17.2.32516.85
MinimumVisualStudioVersion = 10.0.40219.1
Project("{FAE04EC0-301F-11D3-BF4B-00C04F79EFBC}") = "basic calculator", "basic calculator\basic calculator.csproj", "{3F424C36-1F00-4094-BC7B-8FEFDB30EC51}"
EndProject
Global
	GlobalSection(SolutionConfigurationPlatforms) = preSolution
		Debug|Any CPU = Debug|Any CPU
		Release|Any CPU = Release|Any CPU
	EndGlobalSection
	GlobalSection(ProjectConfigurationPlatforms) = postSolution
		{3F424C36-1F00-4094-BC7B-8FEFDB30EC51}.Debug|Any CPU.ActiveCfg = Debug|Any CPU
		{3F424C36-1F00-4094-BC7B-8FEFDB30EC51}.Debug|Any CPU.Build.0 = Debug|Any CPU
		{3F424C36-1F00-4094-BC7B-8FEFDB30EC51}.Release|Any CPU.ActiveCfg = Release|Any CPU
		{3F424C36-1F00-4094-BC7B-8FEFDB30EC51}.Release|Any CPU.Build.0 = Release|Any CPU
	EndGlobalSection
	GlobalSection(SolutionProperties) = preSolution
		HideSolutionNode = FALSE
	EndGlobalSection
	GlobalSection(ExtensibilityGlobals) = postSolution
		SolutionGuid = {61E84DD1-6C81-416C-8DE0-461F148CF7B9}
	EndGlobalSection
EndGlobal
